
Microsoft Visual Studio Solution File, Format Version 12.00
# Visual Studio Version 17
VisualStudioVersion = 17.8.34511.84
MinimumVisualStudioVersion = 10.0.40219.1
Project("{FAE04EC0-301F-11D3-BF4B-00C04F79EFBC}") = "ppo", "ppo\ppo.csproj", "{BA4A6196-A823-46FC-B71D-6CF8FEFB8CD5}"
EndProject
Project("{FAE04EC0-301F-11D3-BF4B-00C04F79EFBC}") = "DAL", "DAL\DAL.csproj", "{0CC6848E-9807-46BE-97C6-BB48B7B31144}"
EndProject
Project("{FAE04EC0-301F-11D3-BF4B-00C04F79EFBC}") = "BLL", "BLL\BLL.csproj", "{4D653730-A56F-4DF8-B436-72B724DD20F2}"
EndProject
Global
	GlobalSection(SolutionConfigurationPlatforms) = preSolution
		Debug|Any CPU = Debug|Any CPU
		Release|Any CPU = Release|Any CPU
	EndGlobalSection
	GlobalSection(ProjectConfigurationPlatforms) = postSolution
		{BA4A6196-A823-46FC-B71D-6CF8FEFB8CD5}.Debug|Any CPU.ActiveCfg = Debug|Any CPU
		{BA4A6196-A823-46FC-B71D-6CF8FEFB8CD5}.Debug|Any CPU.Build.0 = Debug|Any CPU
		{BA4A6196-A823-46FC-B71D-6CF8FEFB8CD5}.Release|Any CPU.ActiveCfg = Release|Any CPU
		{BA4A6196-A823-46FC-B71D-6CF8FEFB8CD5}.Release|Any CPU.Build.0 = Release|Any CPU
		{0CC6848E-9807-46BE-97C6-BB48B7B31144}.Debug|Any CPU.ActiveCfg = Debug|Any CPU
		{0CC6848E-9807-46BE-97C6-BB48B7B31144}.Debug|Any CPU.Build.0 = Debug|Any CPU
		{0CC6848E-9807-46BE-97C6-BB48B7B31144}.Release|Any CPU.ActiveCfg = Release|Any CPU
		{0CC6848E-9807-46BE-97C6-BB48B7B31144}.Release|Any CPU.Build.0 = Release|Any CPU
		{4D653730-A56F-4DF8-B436-72B724DD20F2}.Debug|Any CPU.ActiveCfg = Debug|Any CPU
		{4D653730-A56F-4DF8-B436-72B724DD20F2}.Debug|Any CPU.Build.0 = Debug|Any CPU
		{4D653730-A56F-4DF8-B436-72B724DD20F2}.Release|Any CPU.ActiveCfg = Release|Any CPU
		{4D653730-A56F-4DF8-B436-72B724DD20F2}.Release|Any CPU.Build.0 = Release|Any CPU
	EndGlobalSection
	GlobalSection(SolutionProperties) = preSolution
		HideSolutionNode = FALSE
	EndGlobalSection
	GlobalSection(ExtensibilityGlobals) = postSolution
		SolutionGuid = {1CCAAB87-C15B-4733-8DE8-B1251C58CBEB}
	EndGlobalSection
EndGlobal
